
Microsoft Visual Studio Solution File, Format Version 12.00
# Visual Studio Version 16
VisualStudioVersion = 16.0.29728.190
MinimumVisualStudioVersion = 10.0.40219.1
Project("{FAE04EC0-301F-11D3-BF4B-00C04F79EFBC}") = "winApp", "winApp\winApp.csproj", "{28696B99-CDB9-4BBA-8AEE-A09D9FA04CE3}"
EndProject
Global
	GlobalSection(SolutionConfigurationPlatforms) = preSolution
		Debug|Any CPU = Debug|Any CPU
		Release|Any CPU = Release|Any CPU
	EndGlobalSection
	GlobalSection(ProjectConfigurationPlatforms) = postSolution
		{28696B99-CDB9-4BBA-8AEE-A09D9FA04CE3}.Debug|Any CPU.ActiveCfg = Debug|Any CPU
		{28696B99-CDB9-4BBA-8AEE-A09D9FA04CE3}.Debug|Any CPU.Build.0 = Debug|Any CPU
		{28696B99-CDB9-4BBA-8AEE-A09D9FA04CE3}.Release|Any CPU.ActiveCfg = Release|Any CPU
		{28696B99-CDB9-4BBA-8AEE-A09D9FA04CE3}.Release|Any CPU.Build.0 = Release|Any CPU
	EndGlobalSection
	GlobalSection(SolutionProperties) = preSolution
		HideSolutionNode = FALSE
	EndGlobalSection
	GlobalSection(ExtensibilityGlobals) = postSolution
		SolutionGuid = {097BA387-83F3-4E62-8F5D-4878ED48DE17}
	EndGlobalSection
EndGlobal
